# This file is automatically @generated by Poetry 1.6.1 and should not be changed by hand.

[[package]]
name = "filetype"
version = "1.2.0"
description = "Infer file type and MIME type of any file/buffer. No external dependencies."
optional = false
python-versions = "*"
files = [
    {file = "filetype-1.2.0-py2.py3-none-any.whl", hash = "sha256:7ce71b6880181241cf7ac8697a2f1eb6a8bd9b429f7ad6d27b8db9ba5f1c2d25"},
    {file = "filetype-1.2.0.tar.gz", hash = "sha256:66b56cd6474bf41d8c54660347d37afcc3f7d1970648de365c102ef77548aadb"},
]

[[package]]
name = "psutil"
version = "5.9.4"
description = "Cross-platform lib for process and system monitoring in Python."
optional = false
python-versions = ">=2.7, !=3.0.*, !=3.1.*, !=3.2.*, !=3.3.*"
files = [
    {file = "psutil-5.9.4-cp27-cp27m-macosx_10_9_x86_64.whl", hash = "sha256:c1ca331af862803a42677c120aff8a814a804e09832f166f226bfd22b56feee8"},
    {file = "psutil-5.9.4-cp27-cp27m-manylinux2010_i686.whl", hash = "sha256:68908971daf802203f3d37e78d3f8831b6d1014864d7a85937941bb35f09aefe"},
    {file = "psutil-5.9.4-cp27-cp27m-manylinux2010_x86_64.whl", hash = "sha256:3ff89f9b835100a825b14c2808a106b6fdcc4b15483141482a12c725e7f78549"},
    {file = "psutil-5.9.4-cp27-cp27m-win32.whl", hash = "sha256:852dd5d9f8a47169fe62fd4a971aa07859476c2ba22c2254d4a1baa4e10b95ad"},
    {file = "psutil-5.9.4-cp27-cp27m-win_amd64.whl", hash = "sha256:9120cd39dca5c5e1c54b59a41d205023d436799b1c8c4d3ff71af18535728e94"},
    {file = "psutil-5.9.4-cp27-cp27mu-manylinux2010_i686.whl", hash = "sha256:6b92c532979bafc2df23ddc785ed116fced1f492ad90a6830cf24f4d1ea27d24"},
    {file = "psutil-5.9.4-cp27-cp27mu-manylinux2010_x86_64.whl", hash = "sha256:efeae04f9516907be44904cc7ce08defb6b665128992a56957abc9b61dca94b7"},
    {file = "psutil-5.9.4-cp36-abi3-macosx_10_9_x86_64.whl", hash = "sha256:54d5b184728298f2ca8567bf83c422b706200bcbbfafdc06718264f9393cfeb7"},
    {file = "psutil-5.9.4-cp36-abi3-manylinux_2_12_i686.manylinux2010_i686.manylinux_2_17_i686.manylinux2014_i686.whl", hash = "sha256:16653106f3b59386ffe10e0bad3bb6299e169d5327d3f187614b1cb8f24cf2e1"},
    {file = "psutil-5.9.4-cp36-abi3-manylinux_2_12_x86_64.manylinux2010_x86_64.manylinux_2_17_x86_64.manylinux2014_x86_64.whl", hash = "sha256:54c0d3d8e0078b7666984e11b12b88af2db11d11249a8ac8920dd5ef68a66e08"},
    {file = "psutil-5.9.4-cp36-abi3-win32.whl", hash = "sha256:149555f59a69b33f056ba1c4eb22bb7bf24332ce631c44a319cec09f876aaeff"},
    {file = "psutil-5.9.4-cp36-abi3-win_amd64.whl", hash = "sha256:fd8522436a6ada7b4aad6638662966de0d61d241cb821239b2ae7013d41a43d4"},
    {file = "psutil-5.9.4-cp38-abi3-macosx_11_0_arm64.whl", hash = "sha256:6001c809253a29599bc0dfd5179d9f8a5779f9dffea1da0f13c53ee568115e1e"},
    {file = "psutil-5.9.4.tar.gz", hash = "sha256:3d7f9739eb435d4b1338944abe23f49584bde5395f27487d2ee25ad9a8774a62"},
]

[package.extras]
test = ["enum34", "ipaddress", "mock", "pywin32", "wmi"]

[[package]]
name = "pyqt6"
version = "6.4.1"
description = "Python bindings for the Qt cross platform application toolkit"
optional = false
python-versions = ">=3.6.1"
files = [
    {file = "PyQt6-6.4.1-cp37-abi3-macosx_10_14_universal2.whl", hash = "sha256:5eaca9cee1c53a487a3f17e6ff360323366d723ec4deefed6b5c9a067ae84a4e"},
    {file = "PyQt6-6.4.1-cp37-abi3-manylinux_2_28_x86_64.whl", hash = "sha256:9f803d8690be87b1cd8eec3b76774aae6d27e2e01a9ae7b0e1bfce80915f1c87"},
    {file = "PyQt6-6.4.1-cp37-abi3-win_amd64.whl", hash = "sha256:cb8dc8b2f08324f758153fbce7d78f383f549e978995e7904072583e317d7983"},
    {file = "PyQt6-6.4.1.tar.gz", hash = "sha256:0c1dcadf161331cfdbde0906c05f7f8048dc4907d717647c33bbc4404146f59f"},
]

[package.dependencies]
PyQt6-Qt6 = ">=6.4.0"
PyQt6-sip = ">=13.4,<14"

[[package]]
name = "pyqt6-qscintilla"
version = "2.14.1"
description = "Python bindings for the QScintilla programmers editor widget"
optional = false
python-versions = ">=3.7"
files = [
    {file = "PyQt6_QScintilla-2.14.1-cp37-abi3-macosx_10_14_universal2.whl", hash = "sha256:a9b5939bd7160bbd095bc06312f2a1289a344b7c4f89633ea7657207212c7d56"},
    {file = "PyQt6_QScintilla-2.14.1-cp37-abi3-manylinux_2_28_x86_64.whl", hash = "sha256:2b16b3ca0c8f6cf4772a85a0a5b030d2a7ad8128e6f5a3fae6d8a641b04f7e41"},
    {file = "PyQt6_QScintilla-2.14.1-cp37-abi3-win_amd64.whl", hash = "sha256:b22e93cd70b35cb83dc4177d14c670a02d92d9ea51ee6759bb97d81679c39af2"},
    {file = "PyQt6_QScintilla-2.14.1.tar.gz", hash = "sha256:8849a4a9847bbf3698d0c1cf47e6d08552a49a66928543a73f10d6dcba617d10"},
]

[package.dependencies]
PyQt6 = ">=6.0.3"
PyQt6-sip = ">=13.4,<14"

[[package]]
name = "pyqt6-qt6"
version = "6.5.2"
description = "The subset of a Qt installation needed by PyQt6."
optional = false
python-versions = "*"
files = [
    {file = "PyQt6_Qt6-6.5.2-py3-none-macosx_10_14_x86_64.whl", hash = "sha256:4b37f6f93c0980469ccc570998d3e3de243028bae7389fb6330443ab215ce2f6"},
    {file = "PyQt6_Qt6-6.5.2-py3-none-macosx_11_0_arm64.whl", hash = "sha256:8dad61b4666d91882d7e1c4d619c71e7429c13e19182f8b3bebf3ecf95107d4c"},
    {file = "PyQt6_Qt6-6.5.2-py3-none-manylinux_2_28_x86_64.whl", hash = "sha256:953f3c0e99e486081a6d438b32fbc240da97457226562eb68cf1b11c516386fd"},
    {file = "PyQt6_Qt6-6.5.2-py3-none-win_amd64.whl", hash = "sha256:5a3c7bb899678bf801136b31cd589ed4d0d54ab32be5fb76c2bdeb161a9662ad"},
]

[[package]]
name = "pyqt6-sip"
version = "13.5.2"
description = "The sip module support for PyQt6"
optional = false
python-versions = ">=3.7"
files = [
    {file = "PyQt6_sip-13.5.2-cp310-cp310-macosx_10_9_universal2.whl", hash = "sha256:c0b4e55c4d0dc44728da90eb1451dfff0d05260b4a3496ff0014494e6c1865a6"},
    {file = "PyQt6_sip-13.5.2-cp310-cp310-manylinux_2_5_x86_64.manylinux1_x86_64.whl", hash = "sha256:9ad5b8c4c92d62e00ebf254a4c9656668b130f2a1d2792034e0d82b2d6571509"},
    {file = "PyQt6_sip-13.5.2-cp310-cp310-win_amd64.whl", hash = "sha256:5d0fd42da765198b51d7fe12c29721cbe3e14b77ca4f68aa43618149ee7dbeff"},
    {file = "PyQt6_sip-13.5.2-cp311-cp311-macosx_10_9_universal2.whl", hash = "sha256:4b5b0c4b557e0293eba008021342459a0f91c69a7a2eb5231276d495d1d2960a"},
    {file = "PyQt6_sip-13.5.2-cp311-cp311-manylinux_2_5_x86_64.manylinux1_x86_64.whl", hash = "sha256:831f5d606fc5296a80303ab30892c3308954c5766039bf7a96267488bb2524a5"},
    {file = "PyQt6_sip-13.5.2-cp311-cp311-win_amd64.whl", hash = "sha256:91812f0094443b816a74a89954d60bb50060807f54d7c016a4de7bd29454091e"},
    {file = "PyQt6_sip-13.5.2-cp37-cp37m-macosx_10_9_x86_64.whl", hash = "sha256:94afb031db89159aa330891eba2c937b0378b4b264570998848c7a78eddf7c94"},
    {file = "PyQt6_sip-13.5.2-cp37-cp37m-manylinux_2_5_x86_64.manylinux1_x86_64.whl", hash = "sha256:ace942b78378bff8ae2d6bafccc84465f1ff0cf30720b8321e0bd6c95c36ede6"},
    {file = "PyQt6_sip-13.5.2-cp37-cp37m-win_amd64.whl", hash = "sha256:318d4d1c7ef60f69c68227cef78fc439accc9028ec6149200eea3d34c433d373"},
    {file = "PyQt6_sip-13.5.2-cp38-cp38-macosx_10_9_x86_64.whl", hash = "sha256:87d758ba999baa16459f0a3c7f7ed47a5b45e8991ad691f17345bf3c493a4281"},
    {file = "PyQt6_sip-13.5.2-cp38-cp38-manylinux_2_5_x86_64.manylinux1_x86_64.whl", hash = "sha256:5b499eff7150d9f31fe835a73cc41f076bba2fcde0f5b0325b1284797f17c0ac"},
    {file = "PyQt6_sip-13.5.2-cp38-cp38-win_amd64.whl", hash = "sha256:1bdb1f7b5b2f6ac31d517a6f3a13c38055640ac0014f67a2e5422d2083ce69ec"},
    {file = "PyQt6_sip-13.5.2-cp39-cp39-macosx_10_9_universal2.whl", hash = "sha256:9c9dac067710015895f523f5a2a4d59cbef8624a152b6f9a426e5b848d8c6d29"},
    {file = "PyQt6_sip-13.5.2-cp39-cp39-manylinux_2_5_x86_64.manylinux1_x86_64.whl", hash = "sha256:dcf602c233ee7600e810927adcb9e518d61bc796a6b2013c17feedd24c4e5413"},
    {file = "PyQt6_sip-13.5.2-cp39-cp39-win_amd64.whl", hash = "sha256:b54b0d8d21c5835af8f6d6d8a323a23106e67b7cd4c31e23c35bb4c321000de8"},
    {file = "PyQt6_sip-13.5.2.tar.gz", hash = "sha256:ebf6264b6feda01ba37d3b60a4bb87493bdb87be70f7b2a5384a7acd4902d88d"},
]

[[package]]
name = "pywin32"
version = "305"
description = "Python for Window Extensions"
optional = false
python-versions = "*"
files = [
    {file = "pywin32-305-cp310-cp310-win32.whl", hash = "sha256:421f6cd86e84bbb696d54563c48014b12a23ef95a14e0bdba526be756d89f116"},
    {file = "pywin32-305-cp310-cp310-win_amd64.whl", hash = "sha256:73e819c6bed89f44ff1d690498c0a811948f73777e5f97c494c152b850fad478"},
    {file = "pywin32-305-cp310-cp310-win_arm64.whl", hash = "sha256:742eb905ce2187133a29365b428e6c3b9001d79accdc30aa8969afba1d8470f4"},
    {file = "pywin32-305-cp311-cp311-win32.whl", hash = "sha256:19ca459cd2e66c0e2cc9a09d589f71d827f26d47fe4a9d09175f6aa0256b51c2"},
    {file = "pywin32-305-cp311-cp311-win_amd64.whl", hash = "sha256:326f42ab4cfff56e77e3e595aeaf6c216712bbdd91e464d167c6434b28d65990"},
    {file = "pywin32-305-cp311-cp311-win_arm64.whl", hash = "sha256:4ecd404b2c6eceaca52f8b2e3e91b2187850a1ad3f8b746d0796a98b4cea04db"},
    {file = "pywin32-305-cp36-cp36m-win32.whl", hash = "sha256:48d8b1659284f3c17b68587af047d110d8c44837736b8932c034091683e05863"},
    {file = "pywin32-305-cp36-cp36m-win_amd64.whl", hash = "sha256:13362cc5aa93c2beaf489c9c9017c793722aeb56d3e5166dadd5ef82da021fe1"},
    {file = "pywin32-305-cp37-cp37m-win32.whl", hash = "sha256:a55db448124d1c1484df22fa8bbcbc45c64da5e6eae74ab095b9ea62e6d00496"},
    {file = "pywin32-305-cp37-cp37m-win_amd64.whl", hash = "sha256:109f98980bfb27e78f4df8a51a8198e10b0f347257d1e265bb1a32993d0c973d"},
    {file = "pywin32-305-cp38-cp38-win32.whl", hash = "sha256:9dd98384da775afa009bc04863426cb30596fd78c6f8e4e2e5bbf4edf8029504"},
    {file = "pywin32-305-cp38-cp38-win_amd64.whl", hash = "sha256:56d7a9c6e1a6835f521788f53b5af7912090674bb84ef5611663ee1595860fc7"},
    {file = "pywin32-305-cp39-cp39-win32.whl", hash = "sha256:9d968c677ac4d5cbdaa62fd3014ab241718e619d8e36ef8e11fb930515a1e918"},
    {file = "pywin32-305-cp39-cp39-win_amd64.whl", hash = "sha256:50768c6b7c3f0b38b7fb14dd4104da93ebced5f1a50dc0e834594bff6fbe1271"},
]

[metadata]
lock-version = "2.0"
python-versions = "^3.9"
content-hash = "bdac7a36689f032159967621efb50f7b1a11177744e06f9196aba2b728be54b6"
